# This file is autogenerated, do not edit; changes may be undone by the next 'dep ensure'.


[[projects]]
  branch = "master"
  digest = "1:0257a239a8520176e21197308590cb97c44b069d8601422984b32f637f387903"
  name = "github.com/avct/uasurfer"
  packages = ["."]
  pruneopts = "UT"
  revision = "c4be5581ec9617d04f5c5e02b893903ead0b1eed"

[solve-meta]
  analyzer-name = "dep"
  analyzer-version = 1
  input-imports = ["github.com/avct/uasurfer"]
  solver-name = "gps-cdcl"
  solver-version = 1
